
Microsoft Visual Studio Solution File, Format Version 11.00
# Visual Studio 2010
Project("{FAE04EC0-301F-11D3-BF4B-00C04F79EFBC}") = "Assembly-CSharp", "Assembly-CSharp.csproj", "{A33FF49C-1F87-BFAE-649C-86969995C09E}"
EndProject
Project("{FAE04EC0-301F-11D3-BF4B-00C04F79EFBC}") = "Assembly-CSharp-firstpass", "Assembly-CSharp-firstpass.csproj", "{55BE9A11-380E-E8E3-F0C2-2228C0BAA4FE}"
EndProject
Project("{FAE04EC0-301F-11D3-BF4B-00C04F79EFBC}") = "Assembly-CSharp-Editor-firstpass", "Assembly-CSharp-Editor-firstpass.csproj", "{11066916-EC18-FB4F-3C2B-A5480C0F9955}"
EndProject
Project("{FAE04EC0-301F-11D3-BF4B-00C04F79EFBC}") = "Assembly-CSharp-Editor", "Assembly-CSharp-Editor.csproj", "{FFC28EB0-C2F0-536E-95EC-95B4336C07D8}"
EndProject
Global
	GlobalSection(SolutionConfigurationPlatforms) = preSolution
		Debug|Any CPU = Debug|Any CPU
		Release|Any CPU = Release|Any CPU
	EndGlobalSection
	GlobalSection(ProjectConfigurationPlatforms) = postSolution
		{A33FF49C-1F87-BFAE-649C-86969995C09E}.Debug|Any CPU.ActiveCfg = Debug|Any CPU
		{A33FF49C-1F87-BFAE-649C-86969995C09E}.Debug|Any CPU.Build.0 = Debug|Any CPU
		{A33FF49C-1F87-BFAE-649C-86969995C09E}.Release|Any CPU.ActiveCfg = Release|Any CPU
		{A33FF49C-1F87-BFAE-649C-86969995C09E}.Release|Any CPU.Build.0 = Release|Any CPU
		{55BE9A11-380E-E8E3-F0C2-2228C0BAA4FE}.Debug|Any CPU.ActiveCfg = Debug|Any CPU
		{55BE9A11-380E-E8E3-F0C2-2228C0BAA4FE}.Debug|Any CPU.Build.0 = Debug|Any CPU
		{55BE9A11-380E-E8E3-F0C2-2228C0BAA4FE}.Release|Any CPU.ActiveCfg = Release|Any CPU
		{55BE9A11-380E-E8E3-F0C2-2228C0BAA4FE}.Release|Any CPU.Build.0 = Release|Any CPU
		{11066916-EC18-FB4F-3C2B-A5480C0F9955}.Debug|Any CPU.ActiveCfg = Debug|Any CPU
		{11066916-EC18-FB4F-3C2B-A5480C0F9955}.Debug|Any CPU.Build.0 = Debug|Any CPU
		{11066916-EC18-FB4F-3C2B-A5480C0F9955}.Release|Any CPU.ActiveCfg = Release|Any CPU
		{11066916-EC18-FB4F-3C2B-A5480C0F9955}.Release|Any CPU.Build.0 = Release|Any CPU
		{FFC28EB0-C2F0-536E-95EC-95B4336C07D8}.Debug|Any CPU.ActiveCfg = Debug|Any CPU
		{FFC28EB0-C2F0-536E-95EC-95B4336C07D8}.Debug|Any CPU.Build.0 = Debug|Any CPU
		{FFC28EB0-C2F0-536E-95EC-95B4336C07D8}.Release|Any CPU.ActiveCfg = Release|Any CPU
		{FFC28EB0-C2F0-536E-95EC-95B4336C07D8}.Release|Any CPU.Build.0 = Release|Any CPU
	EndGlobalSection
	GlobalSection(SolutionProperties) = preSolution
		HideSolutionNode = FALSE
	EndGlobalSection
	GlobalSection(MonoDevelopProperties) = preSolution
		StartupItem = Assembly-CSharp.csproj
	EndGlobalSection
EndGlobal
